{
  "name": "thread_pools",
  "version": "2.4.3",
  "lockfileVersion": 1,
  "requires": true,
  "dependencies": {
    "colors": {
      "version": "1.4.0",
      "resolved": "https://registry.npmjs.org/colors/-/colors-1.4.0.tgz",
      "integrity": "sha512-a+UqTh4kgZg/SlGvfbzDHpgRu7AAQOmmqRHJnxhRZICKFUT91brVhNNt58CMWU9PsBbv3PDCZUHbVxuDiH2mtA==",
      "dev": true
    },
    "tasklanguage": {
      "version": "2.5.0",
      "resolved": "https://registry.npmjs.org/tasklanguage/-/tasklanguage-2.5.0.tgz",
      "integrity": "sha512-KHL4jquf3tB/04ixBVpMt0hEUJIq06yEil1wteHgVB6kQ4xZ9j/bxfxMW+o62jwmvqFGpgj8qDVNlV5ypngmYQ==",
      "dev": true,
      "requires": {
        "colors": "^1.3.3"
      }
    }
  }
}
