{
  "name": "thread_pools",
  "version": "2.4.6",
  "lockfileVersion": 1,
  "requires": true,
  "dependencies": {
    "colors": {
      "version": "1.4.0",
      "resolved": "https://registry.npmjs.org/colors/-/colors-1.4.0.tgz",
      "integrity": "sha512-a+UqTh4kgZg/SlGvfbzDHpgRu7AAQOmmqRHJnxhRZICKFUT91brVhNNt58CMWU9PsBbv3PDCZUHbVxuDiH2mtA==",
      "dev": true
    },
    "serialize-javascript": {
      "version": "3.0.0",
      "resolved": "https://registry.npm.taobao.org/serialize-javascript/download/serialize-javascript-3.0.0.tgz?cache=0&sync_timestamp=1581887711256&other_urls=https%3A%2F%2Fregistry.npm.taobao.org%2Fserialize-javascript%2Fdownload%2Fserialize-javascript-3.0.0.tgz",
      "integrity": "sha1-SS5Imi13t7gErTkaX12XhwlSVI4="
    },
    "tasklanguage": {
      "version": "2.5.2",
      "resolved": "https://registry.npmjs.org/tasklanguage/-/tasklanguage-2.5.2.tgz",
      "integrity": "sha512-TYDGEAcNi6rAiX0YCoBvQstAKl2jxY6Z2OMcLHi6MzrispmN/DasuG76eOtYu24rcJORpTiND4DsJlTvq5/1Zg==",
      "dev": true,
      "requires": {
        "colors": "^1.3.3"
      }
    }
  }
}
