{
  "name": "thread_pools",
  "version": "2.5.3",
  "lockfileVersion": 1,
  "requires": true,
  "dependencies": {
    "colors": {
      "version": "1.4.0",
      "resolved": "https://registry.npmjs.org/colors/-/colors-1.4.0.tgz",
      "integrity": "sha512-a+UqTh4kgZg/SlGvfbzDHpgRu7AAQOmmqRHJnxhRZICKFUT91brVhNNt58CMWU9PsBbv3PDCZUHbVxuDiH2mtA==",
      "dev": true
    },
    "randombytes": {
      "version": "2.1.0",
      "resolved": "https://registry.npmjs.org/randombytes/-/randombytes-2.1.0.tgz",
      "integrity": "sha512-vYl3iOX+4CKUWuxGi9Ukhie6fsqXqS9FE2Zaic4tNFD2N2QQaXOMFbuKK4QmDHC0JO6B1Zp41J0LpT0oR68amQ==",
      "requires": {
        "safe-buffer": "^5.1.0"
      }
    },
    "safe-buffer": {
      "version": "5.2.1",
      "resolved": "https://registry.npmjs.org/safe-buffer/-/safe-buffer-5.2.1.tgz",
      "integrity": "sha512-rp3So07KcdmmKbGvgaNxQSJr7bGVSVk5S9Eq1F+ppbRo70+YeaDxkw5Dd8NPN+GD6bjnYm2VuPuCXmpuYvmCXQ=="
    },
    "serialize-javascript": {
      "version": "3.1.0",
      "resolved": "https://registry.npmjs.org/serialize-javascript/-/serialize-javascript-3.1.0.tgz",
      "integrity": "sha512-JIJT1DGiWmIKhzRsG91aS6Ze4sFUrYbltlkg2onR5OrnNM02Kl/hnY/T4FN2omvyeBbQmMJv+K4cPOpGzOTFBg==",
      "requires": {
        "randombytes": "^2.1.0"
      }
    },
    "tasklanguage": {
      "version": "2.5.2",
      "resolved": "https://registry.npmjs.org/tasklanguage/-/tasklanguage-2.5.2.tgz",
      "integrity": "sha512-TYDGEAcNi6rAiX0YCoBvQstAKl2jxY6Z2OMcLHi6MzrispmN/DasuG76eOtYu24rcJORpTiND4DsJlTvq5/1Zg==",
      "dev": true,
      "requires": {
        "colors": "^1.3.3"
      }
    }
  }
}
